
Microsoft Visual Studio Solution File, Format Version 12.00
# Visual Studio Version 16
VisualStudioVersion = 16.0.30907.101
MinimumVisualStudioVersion = 10.0.40219.1
Project("{FAE04EC0-301F-11D3-BF4B-00C04F79EFBC}") = "AirCuryTest_Surveys", "AirCuryTest_Surveys\AirCuryTest_Surveys.csproj", "{158C4E69-0195-4018-B488-565F46C4F59C}"
EndProject
Global
	GlobalSection(SolutionConfigurationPlatforms) = preSolution
		Debug|Any CPU = Debug|Any CPU
		Release|Any CPU = Release|Any CPU
	EndGlobalSection
	GlobalSection(ProjectConfigurationPlatforms) = postSolution
		{158C4E69-0195-4018-B488-565F46C4F59C}.Debug|Any CPU.ActiveCfg = Debug|Any CPU
		{158C4E69-0195-4018-B488-565F46C4F59C}.Debug|Any CPU.Build.0 = Debug|Any CPU
		{158C4E69-0195-4018-B488-565F46C4F59C}.Release|Any CPU.ActiveCfg = Release|Any CPU
		{158C4E69-0195-4018-B488-565F46C4F59C}.Release|Any CPU.Build.0 = Release|Any CPU
	EndGlobalSection
	GlobalSection(SolutionProperties) = preSolution
		HideSolutionNode = FALSE
	EndGlobalSection
	GlobalSection(ExtensibilityGlobals) = postSolution
		SolutionGuid = {3021D521-3EF3-4026-BC6F-E1926280D755}
	EndGlobalSection
EndGlobal
